// !$*UTF8*$!
{
	archiveVersion = 1;
	classes = {
	};
	objectVersion = 46;
	objects = {

/* Begin PBXBuildFile section */
		D11A377F1E20BC04009BD445 /* AppDelegate.swift in Sources */ = {isa = PBXBuildFile; fileRef = D11A377E1E20BC04009BD445 /* AppDelegate.swift */; };
		D11A37811E20BC04009BD445 /* ViewController.swift in Sources */ = {isa = PBXBuildFile; fileRef = D11A37801E20BC04009BD445 /* ViewController.swift */; };
		D11A37841E20BC04009BD445 /* Main.storyboard in Resources */ = {isa = PBXBuildFile; fileRef = D11A37821E20BC04009BD445 /* Main.storyboard */; };
		D11A37861E20BC04009BD445 /* Assets.xcassets in Resources */ = {isa = PBXBuildFile; fileRef = D11A37851E20BC04009BD445 /* Assets.xcassets */; };
		D11A37891E20BC04009BD445 /* LaunchScreen.storyboard in Resources */ = {isa = PBXBuildFile; fileRef = D11A37871E20BC04009BD445 /* LaunchScreen.storyboard */; };
		D11A37911E20BC19009BD445 /* Form.swift in Sources */ = {isa = PBXBuildFile; fileRef = D11A37901E20BC19009BD445 /* Form.swift */; };
/* End PBXBuildFile section */

/* Begin PBXFileReference section */
		D11A377B1E20BC04009BD445 /* forms.app */ = {isa = PBXFileReference; explicitFileType = wrapper.application; includeInIndex = 0; path = forms.app; sourceTree = BUILT_PRODUCTS_DIR; };
		D11A377E1E20BC04009BD445 /* AppDelegate.swift */ = {isa = PBXFileReference; lastKnownFileType = sourcecode.swift; path = AppDelegate.swift; sourceTree = "<group>"; };
		D11A37801E20BC04009BD445 /* ViewController.swift */ = {isa = PBXFileReference; lastKnownFileType = sourcecode.swift; path = ViewController.swift; sourceTree = "<group>"; };
		D11A37831E20BC04009BD445 /* Base */ = {isa = PBXFileReference; lastKnownFileType = file.storyboard; name = Base; path = Base.lproj/Main.storyboard; sourceTree = "<group>"; };
		D11A37851E20BC04009BD445 /* Assets.xcassets */ = {isa = PBXFileReference; lastKnownFileType = folder.assetcatalog; path = Assets.xcassets; sourceTree = "<group>"; };
		D11A37881E20BC04009BD445 /* Base */ = {isa = PBXFileReference; lastKnownFileType = file.storyboard; name = Base; path = Base.lproj/LaunchScreen.storyboard; sourceTree = "<group>"; };
		D11A378A1E20BC04009BD445 /* Info.plist */ = {isa = PBXFileReference; lastKnownFileType = text.plist.xml; path = Info.plist; sourceTree = "<group>"; };
		D11A37901E20BC19009BD445 /* Form.swift */ = {isa = PBXFileReference; fileEncoding = 4; lastKnownFileType = sourcecode.swift; path = Form.swift; sourceTree = "<group>"; };
/* End PBXFileReference section */

/* Begin PBXFrameworksBuildPhase section */
		D11A37781E20BC04009BD445 /* Frameworks */ = {
			isa = PBXFrameworksBuildPhase;
			buildActionMask = 2147483647;
			files = (
			);
			runOnlyForDeploymentPostprocessing = 0;
		};
/* End PBXFrameworksBuildPhase section */

/* Begin PBXGroup section */
		D11A37721E20BC04009BD445 = {
			isa = PBXGroup;
			children = (
				D11A377D1E20BC04009BD445 /* forms */,
				D11A377C1E20BC04009BD445 /* Products */,
			);
			sourceTree = "<group>";
		};
		D11A377C1E20BC04009BD445 /* Products */ = {
			isa = PBXGroup;
			children = (
				D11A377B1E20BC04009BD445 /* forms.app */,
			);
			name = Products;
			sourceTree = "<group>";
		};
		D11A377D1E20BC04009BD445 /* forms */ = {
			isa = PBXGroup;
			children = (
				D11A377E1E20BC04009BD445 /* AppDelegate.swift */,
				D11A37801E20BC04009BD445 /* ViewController.swift */,
				D11A37901E20BC19009BD445 /* Form.swift */,
				D11A37821E20BC04009BD445 /* Main.storyboard */,
				D11A37851E20BC04009BD445 /* Assets.xcassets */,
				D11A37871E20BC04009BD445 /* LaunchScreen.storyboard */,
				D11A378A1E20BC04009BD445 /* Info.plist */,
			);
			path = forms;
			sourceTree = "<group>";
		};
/* End PBXGroup section */

/* Begin PBXNativeTarget section */
		D11A377A1E20BC04009BD445 /* forms */ = {
			isa = PBXNativeTarget;
			buildConfigurationList = D11A378D1E20BC04009BD445 /* Build configuration list for PBXNativeTarget "forms" */;
			buildPhases = (
				D11A37771E20BC04009BD445 /* Sources */,
				D11A37781E20BC04009BD445 /* Frameworks */,
				D11A37791E20BC04009BD445 /* Resources */,
			);
			buildRules = (
			);
			dependencies = (
			);
			name = forms;
			productName = forms;
			productReference = D11A377B1E20BC04009BD445 /* forms.app */;
			productType = "com.apple.product-type.application";
		};
/* End PBXNativeTarget section */

/* Begin PBXProject section */
		D11A37731E20BC04009BD445 /* Project object */ = {
			isa = PBXProject;
			attributes = {
				LastSwiftUpdateCheck = 0800;
				LastUpgradeCheck = 0800;
				ORGANIZATIONNAME = com;
				TargetAttributes = {
					D11A377A1E20BC04009BD445 = {
						CreatedOnToolsVersion = 8.0;
						ProvisioningStyle = Automatic;
					};
				};
			};
			buildConfigurationList = D11A37761E20BC04009BD445 /* Build configuration list for PBXProject "forms" */;
			compatibilityVersion = "Xcode 3.2";
			developmentRegion = English;
			hasScannedForEncodings = 0;
			knownRegions = (
				en,
				Base,
			);
			mainGroup = D11A37721E20BC04009BD445;
			productRefGroup = D11A377C1E20BC04009BD445 /* Products */;
			projectDirPath = "";
			projectRoot = "";
			targets = (
				D11A377A1E20BC04009BD445 /* forms */,
			);
		};
/* End PBXProject section */

/* Begin PBXResourcesBuildPhase section */
		D11A37791E20BC04009BD445 /* Resources */ = {
			isa = PBXResourcesBuildPhase;
			buildActionMask = 2147483647;
			files = (
				D11A37891E20BC04009BD445 /* LaunchScreen.storyboard in Resources */,
				D11A37861E20BC04009BD445 /* Assets.xcassets in Resources */,
				D11A37841E20BC04009BD445 /* Main.storyboard in Resources */,
			);
			runOnlyForDeploymentPostprocessing = 0;
		};
/* End PBXResourcesBuildPhase section */

/* Begin PBXSourcesBuildPhase section */
		D11A37771E20BC04009BD445 /* Sources */ = {
			isa = PBXSourcesBuildPhase;
			buildActionMask = 2147483647;
			files = (
				D11A37811E20BC04009BD445 /* ViewController.swift in Sources */,
				D11A377F1E20BC04009BD445 /* AppDelegate.swift in Sources */,
				D11A37911E20BC19009BD445 /* Form.swift in Sources */,
			);
			runOnlyForDeploymentPostprocessing = 0;
		};
/* End PBXSourcesBuildPhase section */

/* Begin PBXVariantGroup section */
		D11A37821E20BC04009BD445 /* Main.storyboard */ = {
			isa = PBXVariantGroup;
			children = (
				D11A37831E20BC04009BD445 /* Base */,
			);
			name = Main.storyboard;
			sourceTree = "<group>";
		};
		D11A37871E20BC04009BD445 /* LaunchScreen.storyboard */ = {
			isa = PBXVariantGroup;
			children = (
				D11A37881E20BC04009BD445 /* Base */,
			);
			name = LaunchScreen.storyboard;
			sourceTree = "<group>";
		};
/* End PBXVariantGroup section */

/* Begin XCBuildConfiguration section */
		D11A378B1E20BC04009BD445 /* Debug */ = {
			isa = XCBuildConfiguration;
			buildSettings = {
				ALWAYS_SEARCH_USER_PATHS = NO;
				CLANG_ANALYZER_NONNULL = YES;
				CLANG_CXX_LANGUAGE_STANDARD = "gnu++0x";
				CLANG_CXX_LIBRARY = "libc++";
				CLANG_ENABLE_MODULES = YES;
				CLANG_ENABLE_OBJC_ARC = YES;
				CLANG_WARN_BOOL_CONVERSION = YES;
				CLANG_WARN_CONSTANT_CONVERSION = YES;
				CLANG_WARN_DIRECT_OBJC_ISA_USAGE = YES_ERROR;
				CLANG_WARN_DOCUMENTATION_COMMENTS = YES;
				CLANG_WARN_EMPTY_BODY = YES;
				CLANG_WARN_ENUM_CONVERSION = YES;
				CLANG_WARN_INFINITE_RECURSION = YES;
				CLANG_WARN_INT_CONVERSION = YES;
				CLANG_WARN_OBJC_ROOT_CLASS = YES_ERROR;
				CLANG_WARN_SUSPICIOUS_MOVES = YES;
				CLANG_WARN_UNREACHABLE_CODE = YES;
				CLANG_WARN__DUPLICATE_METHOD_MATCH = YES;
				"CODE_SIGN_IDENTITY[sdk=iphoneos*]" = "iPhone Developer";
				COPY_PHASE_STRIP = NO;
				DEBUG_INFORMATION_FORMAT = dwarf;
				ENABLE_STRICT_OBJC_MSGSEND = YES;
				ENABLE_TESTABILITY = YES;
				GCC_C_LANGUAGE_STANDARD = gnu99;
				GCC_DYNAMIC_NO_PIC = NO;
				GCC_NO_COMMON_BLOCKS = YES;
				GCC_OPTIMIZATION_LEVEL = 0;
				GCC_PREPROCESSOR_DEFINITIONS = (
					"DEBUG=1",
					"$(inherited)",
				);
				GCC_WARN_64_TO_32_BIT_CONVERSION = YES;
				GCC_WARN_ABOUT_RETURN_TYPE = YES_ERROR;
				GCC_WARN_UNDECLARED_SELECTOR = YES;
				GCC_WARN_UNINITIALIZED_AUTOS = YES_AGGRESSIVE;
				GCC_WARN_UNUSED_FUNCTION = YES;
				GCC_WARN_UNUSED_VARIABLE = YES;
				IPHONEOS_DEPLOYMENT_TARGET = 10.0;
				MTL_ENABLE_DEBUG_INFO = YES;
				ONLY_ACTIVE_ARCH = YES;
				SDKROOT = iphoneos;
				SWIFT_ACTIVE_COMPILATION_CONDITIONS = DEBUG;
				SWIFT_OPTIMIZATION_LEVEL = "-Onone";
			};
			name = Debug;
		};
		D11A378C1E20BC04009BD445 /* Release */ = {
			isa = XCBuildConfiguration;
			buildSettings = {
				ALWAYS_SEARCH_USER_PATHS = NO;
				CLANG_ANALYZER_NONNULL = YES;
				CLANG_CXX_LANGUAGE_STANDARD = "gnu++0x";
				CLANG_CXX_LIBRARY = "libc++";
				CLANG_ENABLE_MODULES = YES;
				CLANG_ENABLE_OBJC_ARC = YES;
				CLANG_WARN_BOOL_CONVERSION = YES;
				CLANG_WARN_CONSTANT_CONVERSION = YES;
				CLANG_WARN_DIRECT_OBJC_ISA_USAGE = YES_ERROR;
				CLANG_WARN_DOCUMENTATION_COMMENTS = YES;
				CLANG_WARN_EMPTY_BODY = YES;
				CLANG_WARN_ENUM_CONVERSION = YES;
				CLANG_WARN_INFINITE_RECURSION = YES;
				CLANG_WARN_INT_CONVERSION = YES;
				CLANG_WARN_OBJC_ROOT_CLASS = YES_ERROR;
				CLANG_WARN_SUSPICIOUS_MOVES = YES;
				CLANG_WARN_UNREACHABLE_CODE = YES;
				CLANG_WARN__DUPLICATE_METHOD_MATCH = YES;
				"CODE_SIGN_IDENTITY[sdk=iphoneos*]" = "iPhone Developer";
				COPY_PHASE_STRIP = NO;
				DEBUG_INFORMATION_FORMAT = "dwarf-with-dsym";
				ENABLE_NS_ASSERTIONS = NO;
				ENABLE_STRICT_OBJC_MSGSEND = YES;
				GCC_C_LANGUAGE_STANDARD = gnu99;
				GCC_NO_COMMON_BLOCKS = YES;
				GCC_WARN_64_TO_32_BIT_CONVERSION = YES;
				GCC_WARN_ABOUT_RETURN_TYPE = YES_ERROR;
				GCC_WARN_UNDECLARED_SELECTOR = YES;
				GCC_WARN_UNINITIALIZED_AUTOS = YES_AGGRESSIVE;
				GCC_WARN_UNUSED_FUNCTION = YES;
				GCC_WARN_UNUSED_VARIABLE = YES;
				IPHONEOS_DEPLOYMENT_TARGET = 10.0;
				MTL_ENABLE_DEBUG_INFO = NO;
				SDKROOT = iphoneos;
				SWIFT_OPTIMIZATION_LEVEL = "-Owholemodule";
				VALIDATE_PRODUCT = YES;
			};
			name = Release;
		};
		D11A378E1E20BC04009BD445 /* Debug */ = {
			isa = XCBuildConfiguration;
			buildSettings = {
				ASSETCATALOG_COMPILER_APPICON_NAME = AppIcon;
				INFOPLIST_FILE = forms/Info.plist;
				LD_RUNPATH_SEARCH_PATHS = "$(inherited) @executable_path/Frameworks";
				PRODUCT_BUNDLE_IDENTIFIER = rjoudrey.forms;
				PRODUCT_NAME = "$(TARGET_NAME)";
				SWIFT_VERSION = 3.0;
			};
			name = Debug;
		};
		D11A378F1E20BC04009BD445 /* Release */ = {
			isa = XCBuildConfiguration;
			buildSettings = {
				ASSETCATALOG_COMPILER_APPICON_NAME = AppIcon;
				INFOPLIST_FILE = forms/Info.plist;
				LD_RUNPATH_SEARCH_PATHS = "$(inherited) @executable_path/Frameworks";
				PRODUCT_BUNDLE_IDENTIFIER = rjoudrey.forms;
				PRODUCT_NAME = "$(TARGET_NAME)";
				SWIFT_VERSION = 3.0;
			};
			name = Release;
		};
/* End XCBuildConfiguration section */

/* Begin XCConfigurationList section */
		D11A37761E20BC04009BD445 /* Build configuration list for PBXProject "forms" */ = {
			isa = XCConfigurationList;
			buildConfigurations = (
				D11A378B1E20BC04009BD445 /* Debug */,
				D11A378C1E20BC04009BD445 /* Release */,
			);
			defaultConfigurationIsVisible = 0;
			defaultConfigurationName = Release;
		};
		D11A378D1E20BC04009BD445 /* Build configuration list for PBXNativeTarget "forms" */ = {
			isa = XCConfigurationList;
			buildConfigurations = (
				D11A378E1E20BC04009BD445 /* Debug */,
				D11A378F1E20BC04009BD445 /* Release */,
			);
			defaultConfigurationIsVisible = 0;
		};
/* End XCConfigurationList section */
	};
	rootObject = D11A37731E20BC04009BD445 /* Project object */;
}
